
Microsoft Visual Studio Solution File, Format Version 12.00
# Visual Studio Version 17
VisualStudioVersion = 17.13.35913.81 d17.13
MinimumVisualStudioVersion = 10.0.40219.1
Project("{FAE04EC0-301F-11D3-BF4B-00C04F79EFBC}") = "ImageLogin", "ImageLogin\ImageLogin.csproj", "{D4C94488-D37C-41D0-AF82-5924CD9EB54A}"
EndProject
Global
	GlobalSection(SolutionConfigurationPlatforms) = preSolution
		Debug|Any CPU = Debug|Any CPU
		Release|Any CPU = Release|Any CPU
	EndGlobalSection
	GlobalSection(ProjectConfigurationPlatforms) = postSolution
		{D4C94488-D37C-41D0-AF82-5924CD9EB54A}.Debug|Any CPU.ActiveCfg = Debug|Any CPU
		{D4C94488-D37C-41D0-AF82-5924CD9EB54A}.Debug|Any CPU.Build.0 = Debug|Any CPU
		{D4C94488-D37C-41D0-AF82-5924CD9EB54A}.Release|Any CPU.ActiveCfg = Release|Any CPU
		{D4C94488-D37C-41D0-AF82-5924CD9EB54A}.Release|Any CPU.Build.0 = Release|Any CPU
	EndGlobalSection
	GlobalSection(SolutionProperties) = preSolution
		HideSolutionNode = FALSE
	EndGlobalSection
	GlobalSection(ExtensibilityGlobals) = postSolution
		SolutionGuid = {6237A8EB-22DA-40DD-B080-58100F13606A}
	EndGlobalSection
EndGlobal
